
Microsoft Visual Studio Solution File, Format Version 12.00
# Visual Studio Version 17
VisualStudioVersion = 17.1.32328.378
MinimumVisualStudioVersion = 10.0.40219.1
Project("{9A19103F-16F7-4668-BE54-9A1E7A4F7556}") = "PL", "PL\PL.csproj", "{66C568F0-CB71-43DA-B16A-1BDB0DB83A03}"
EndProject
Project("{9A19103F-16F7-4668-BE54-9A1E7A4F7556}") = "BL", "BL\BL.csproj", "{F3C272B9-2451-4251-8281-8F5152DE33C5}"
EndProject
Project("{9A19103F-16F7-4668-BE54-9A1E7A4F7556}") = "ML", "ML\ML.csproj", "{3844DD16-CA9F-4834-8660-5BA8745C6D53}"
EndProject
Project("{9A19103F-16F7-4668-BE54-9A1E7A4F7556}") = "DL", "DL\DL.csproj", "{EDE00C03-EB87-4A0A-A1C2-FC0C75F9ED45}"
EndProject
Project("{FAE04EC0-301F-11D3-BF4B-00C04F79EFBC}") = "SL", "SL\SL.csproj", "{48E09FE0-1B78-4B1F-9068-2045B0824286}"
EndProject
Global
	GlobalSection(SolutionConfigurationPlatforms) = preSolution
		Debug|Any CPU = Debug|Any CPU
		Release|Any CPU = Release|Any CPU
	EndGlobalSection
	GlobalSection(ProjectConfigurationPlatforms) = postSolution
		{66C568F0-CB71-43DA-B16A-1BDB0DB83A03}.Debug|Any CPU.ActiveCfg = Debug|Any CPU
		{66C568F0-CB71-43DA-B16A-1BDB0DB83A03}.Debug|Any CPU.Build.0 = Debug|Any CPU
		{66C568F0-CB71-43DA-B16A-1BDB0DB83A03}.Release|Any CPU.ActiveCfg = Release|Any CPU
		{66C568F0-CB71-43DA-B16A-1BDB0DB83A03}.Release|Any CPU.Build.0 = Release|Any CPU
		{F3C272B9-2451-4251-8281-8F5152DE33C5}.Debug|Any CPU.ActiveCfg = Debug|Any CPU
		{F3C272B9-2451-4251-8281-8F5152DE33C5}.Debug|Any CPU.Build.0 = Debug|Any CPU
		{F3C272B9-2451-4251-8281-8F5152DE33C5}.Release|Any CPU.ActiveCfg = Release|Any CPU
		{F3C272B9-2451-4251-8281-8F5152DE33C5}.Release|Any CPU.Build.0 = Release|Any CPU
		{3844DD16-CA9F-4834-8660-5BA8745C6D53}.Debug|Any CPU.ActiveCfg = Debug|Any CPU
		{3844DD16-CA9F-4834-8660-5BA8745C6D53}.Debug|Any CPU.Build.0 = Debug|Any CPU
		{3844DD16-CA9F-4834-8660-5BA8745C6D53}.Release|Any CPU.ActiveCfg = Release|Any CPU
		{3844DD16-CA9F-4834-8660-5BA8745C6D53}.Release|Any CPU.Build.0 = Release|Any CPU
		{EDE00C03-EB87-4A0A-A1C2-FC0C75F9ED45}.Debug|Any CPU.ActiveCfg = Debug|Any CPU
		{EDE00C03-EB87-4A0A-A1C2-FC0C75F9ED45}.Debug|Any CPU.Build.0 = Debug|Any CPU
		{EDE00C03-EB87-4A0A-A1C2-FC0C75F9ED45}.Release|Any CPU.ActiveCfg = Release|Any CPU
		{EDE00C03-EB87-4A0A-A1C2-FC0C75F9ED45}.Release|Any CPU.Build.0 = Release|Any CPU
		{48E09FE0-1B78-4B1F-9068-2045B0824286}.Debug|Any CPU.ActiveCfg = Debug|Any CPU
		{48E09FE0-1B78-4B1F-9068-2045B0824286}.Debug|Any CPU.Build.0 = Debug|Any CPU
		{48E09FE0-1B78-4B1F-9068-2045B0824286}.Release|Any CPU.ActiveCfg = Release|Any CPU
		{48E09FE0-1B78-4B1F-9068-2045B0824286}.Release|Any CPU.Build.0 = Release|Any CPU
	EndGlobalSection
	GlobalSection(SolutionProperties) = preSolution
		HideSolutionNode = FALSE
	EndGlobalSection
	GlobalSection(ExtensibilityGlobals) = postSolution
		SolutionGuid = {3712E9DB-7EAF-480D-957C-2FA781B90C18}
	EndGlobalSection
EndGlobal
